
Microsoft Visual Studio Solution File, Format Version 12.00
# Visual Studio Version 16
VisualStudioVersion = 16.0.31313.79
MinimumVisualStudioVersion = 10.0.40219.1
Project("{8BC9CEB8-8B4A-11D0-8D11-00A0C91BC942}") = "Steamworks", "Steamworks\Steamworks.vcxproj", "{52F43E45-315C-4145-A717-CED98E7302D4}"
EndProject
Global
	GlobalSection(SolutionConfigurationPlatforms) = preSolution
		Debug|x64 = Debug|x64
		Debug|x86 = Debug|x86
		Release|x64 = Release|x64
		Release|x86 = Release|x86
	EndGlobalSection
	GlobalSection(ProjectConfigurationPlatforms) = postSolution
		{52F43E45-315C-4145-A717-CED98E7302D4}.Debug|x64.ActiveCfg = Debug|x64
		{52F43E45-315C-4145-A717-CED98E7302D4}.Debug|x64.Build.0 = Debug|x64
		{52F43E45-315C-4145-A717-CED98E7302D4}.Debug|x86.ActiveCfg = Debug|Win32
		{52F43E45-315C-4145-A717-CED98E7302D4}.Debug|x86.Build.0 = Debug|Win32
		{52F43E45-315C-4145-A717-CED98E7302D4}.Release|x64.ActiveCfg = Release|x64
		{52F43E45-315C-4145-A717-CED98E7302D4}.Release|x64.Build.0 = Release|x64
		{52F43E45-315C-4145-A717-CED98E7302D4}.Release|x86.ActiveCfg = Release|Win32
		{52F43E45-315C-4145-A717-CED98E7302D4}.Release|x86.Build.0 = Release|Win32
	EndGlobalSection
	GlobalSection(SolutionProperties) = preSolution
		HideSolutionNode = FALSE
	EndGlobalSection
	GlobalSection(ExtensibilityGlobals) = postSolution
		SolutionGuid = {2E0F259A-4CC1-40B0-8A87-F9CD8CDD48B9}
	EndGlobalSection
EndGlobal
